// !$*UTF8*$!
{
	archiveVersion = 1;
	classes = {
	};
	objectVersion = 50;
	objects = {

/* Begin PBXBuildFile section */
		B1754FE726D3EC4C003D466A /* EmojiArtApp.swift in Sources */ = {isa = PBXBuildFile; fileRef = B1754FD326D3EC47003D466A /* EmojiArtApp.swift */; };
		B1754FE826D3EC4C003D466A /* EmojiArtApp.swift in Sources */ = {isa = PBXBuildFile; fileRef = B1754FD326D3EC47003D466A /* EmojiArtApp.swift */; };
		B1754FE926D3EC4C003D466A /* EmojiArtDocument.swift in Sources */ = {isa = PBXBuildFile; fileRef = B1754FD426D3EC47003D466A /* EmojiArtDocument.swift */; };
		B1754FEA26D3EC4C003D466A /* EmojiArtDocument.swift in Sources */ = {isa = PBXBuildFile; fileRef = B1754FD426D3EC47003D466A /* EmojiArtDocument.swift */; };
		B1754FED26D3EC4C003D466A /* Assets.xcassets in Resources */ = {isa = PBXBuildFile; fileRef = B1754FD626D3EC4C003D466A /* Assets.xcassets */; };
		B1754FEE26D3EC4C003D466A /* Assets.xcassets in Resources */ = {isa = PBXBuildFile; fileRef = B1754FD626D3EC4C003D466A /* Assets.xcassets */; };
		B175500226D3F2AC003D466A /* PhotoLibrary.swift in Sources */ = {isa = PBXBuildFile; fileRef = B1754FF726D3F2AA003D466A /* PhotoLibrary.swift */; };
		B175500426D3F2AC003D466A /* PaletteStore.swift in Sources */ = {isa = PBXBuildFile; fileRef = B1754FF826D3F2AB003D466A /* PaletteStore.swift */; };
		B175500526D3F2AC003D466A /* PaletteStore.swift in Sources */ = {isa = PBXBuildFile; fileRef = B1754FF826D3F2AB003D466A /* PaletteStore.swift */; };
		B175500626D3F2AC003D466A /* UtilityExtensions.swift in Sources */ = {isa = PBXBuildFile; fileRef = B1754FF926D3F2AB003D466A /* UtilityExtensions.swift */; };
		B175500726D3F2AC003D466A /* UtilityExtensions.swift in Sources */ = {isa = PBXBuildFile; fileRef = B1754FF926D3F2AB003D466A /* UtilityExtensions.swift */; };
		B175500826D3F2AC003D466A /* UtilityViews.swift in Sources */ = {isa = PBXBuildFile; fileRef = B1754FFA26D3F2AB003D466A /* UtilityViews.swift */; };
		B175500926D3F2AC003D466A /* UtilityViews.swift in Sources */ = {isa = PBXBuildFile; fileRef = B1754FFA26D3F2AB003D466A /* UtilityViews.swift */; };
		B175500A26D3F2AC003D466A /* PaletteManager.swift in Sources */ = {isa = PBXBuildFile; fileRef = B1754FFB26D3F2AB003D466A /* PaletteManager.swift */; };
		B175500C26D3F2AC003D466A /* EmojiArtModel.Background.swift in Sources */ = {isa = PBXBuildFile; fileRef = B1754FFC26D3F2AB003D466A /* EmojiArtModel.Background.swift */; };
		B175500D26D3F2AC003D466A /* EmojiArtModel.Background.swift in Sources */ = {isa = PBXBuildFile; fileRef = B1754FFC26D3F2AB003D466A /* EmojiArtModel.Background.swift */; };
		B175500E26D3F2AC003D466A /* EmojiArtDocumentView.swift in Sources */ = {isa = PBXBuildFile; fileRef = B1754FFD26D3F2AB003D466A /* EmojiArtDocumentView.swift */; };
		B175500F26D3F2AC003D466A /* EmojiArtDocumentView.swift in Sources */ = {isa = PBXBuildFile; fileRef = B1754FFD26D3F2AB003D466A /* EmojiArtDocumentView.swift */; };
		B175501026D3F2AC003D466A /* PaletteEditor.swift in Sources */ = {isa = PBXBuildFile; fileRef = B1754FFE26D3F2AB003D466A /* PaletteEditor.swift */; };
		B175501126D3F2AC003D466A /* PaletteEditor.swift in Sources */ = {isa = PBXBuildFile; fileRef = B1754FFE26D3F2AB003D466A /* PaletteEditor.swift */; };
		B175501226D3F2AC003D466A /* PaletteChoser.swift in Sources */ = {isa = PBXBuildFile; fileRef = B1754FFF26D3F2AC003D466A /* PaletteChoser.swift */; };
		B175501326D3F2AC003D466A /* PaletteChoser.swift in Sources */ = {isa = PBXBuildFile; fileRef = B1754FFF26D3F2AC003D466A /* PaletteChoser.swift */; };
		B175501426D3F2AC003D466A /* Camera.swift in Sources */ = {isa = PBXBuildFile; fileRef = B175500026D3F2AC003D466A /* Camera.swift */; };
		B175501626D3F2AC003D466A /* EmojiArtModel.swift in Sources */ = {isa = PBXBuildFile; fileRef = B175500126D3F2AC003D466A /* EmojiArtModel.swift */; };
		B175501726D3F2AC003D466A /* EmojiArtModel.swift in Sources */ = {isa = PBXBuildFile; fileRef = B175500126D3F2AC003D466A /* EmojiArtModel.swift */; };
		B175501D26D3FBAF003D466A /* macOS.swift in Sources */ = {isa = PBXBuildFile; fileRef = B175501B26D3FBAF003D466A /* macOS.swift */; };
		B175501F26D402C5003D466A /* iOS.swift in Sources */ = {isa = PBXBuildFile; fileRef = B175501E26D402C5003D466A /* iOS.swift */; };
/* End PBXBuildFile section */

/* Begin PBXFileReference section */
		B1754FD326D3EC47003D466A /* EmojiArtApp.swift */ = {isa = PBXFileReference; lastKnownFileType = sourcecode.swift; path = EmojiArtApp.swift; sourceTree = "<group>"; };
		B1754FD426D3EC47003D466A /* EmojiArtDocument.swift */ = {isa = PBXFileReference; lastKnownFileType = sourcecode.swift; path = EmojiArtDocument.swift; sourceTree = "<group>"; };
		B1754FD626D3EC4C003D466A /* Assets.xcassets */ = {isa = PBXFileReference; lastKnownFileType = folder.assetcatalog; path = Assets.xcassets; sourceTree = "<group>"; };
		B1754FDB26D3EC4C003D466A /* EmojiArt.app */ = {isa = PBXFileReference; explicitFileType = wrapper.application; includeInIndex = 0; path = EmojiArt.app; sourceTree = BUILT_PRODUCTS_DIR; };
		B1754FDE26D3EC4C003D466A /* Info.plist */ = {isa = PBXFileReference; lastKnownFileType = text.plist.xml; path = Info.plist; sourceTree = "<group>"; };
		B1754FE326D3EC4C003D466A /* EmojiArt.app */ = {isa = PBXFileReference; explicitFileType = wrapper.application; includeInIndex = 0; path = EmojiArt.app; sourceTree = BUILT_PRODUCTS_DIR; };
		B1754FE526D3EC4C003D466A /* Info.plist */ = {isa = PBXFileReference; lastKnownFileType = text.plist.xml; path = Info.plist; sourceTree = "<group>"; };
		B1754FE626D3EC4C003D466A /* macOS.entitlements */ = {isa = PBXFileReference; lastKnownFileType = text.plist.entitlements; path = macOS.entitlements; sourceTree = "<group>"; };
		B1754FF726D3F2AA003D466A /* PhotoLibrary.swift */ = {isa = PBXFileReference; fileEncoding = 4; lastKnownFileType = sourcecode.swift; path = PhotoLibrary.swift; sourceTree = "<group>"; };
		B1754FF826D3F2AB003D466A /* PaletteStore.swift */ = {isa = PBXFileReference; fileEncoding = 4; lastKnownFileType = sourcecode.swift; path = PaletteStore.swift; sourceTree = "<group>"; };
		B1754FF926D3F2AB003D466A /* UtilityExtensions.swift */ = {isa = PBXFileReference; fileEncoding = 4; lastKnownFileType = sourcecode.swift; path = UtilityExtensions.swift; sourceTree = "<group>"; };
		B1754FFA26D3F2AB003D466A /* UtilityViews.swift */ = {isa = PBXFileReference; fileEncoding = 4; lastKnownFileType = sourcecode.swift; path = UtilityViews.swift; sourceTree = "<group>"; };
		B1754FFB26D3F2AB003D466A /* PaletteManager.swift */ = {isa = PBXFileReference; fileEncoding = 4; lastKnownFileType = sourcecode.swift; path = PaletteManager.swift; sourceTree = "<group>"; };
		B1754FFC26D3F2AB003D466A /* EmojiArtModel.Background.swift */ = {isa = PBXFileReference; fileEncoding = 4; lastKnownFileType = sourcecode.swift; path = EmojiArtModel.Background.swift; sourceTree = "<group>"; };
		B1754FFD26D3F2AB003D466A /* EmojiArtDocumentView.swift */ = {isa = PBXFileReference; fileEncoding = 4; lastKnownFileType = sourcecode.swift; path = EmojiArtDocumentView.swift; sourceTree = "<group>"; };
		B1754FFE26D3F2AB003D466A /* PaletteEditor.swift */ = {isa = PBXFileReference; fileEncoding = 4; lastKnownFileType = sourcecode.swift; path = PaletteEditor.swift; sourceTree = "<group>"; };
		B1754FFF26D3F2AC003D466A /* PaletteChoser.swift */ = {isa = PBXFileReference; fileEncoding = 4; lastKnownFileType = sourcecode.swift; path = PaletteChoser.swift; sourceTree = "<group>"; };
		B175500026D3F2AC003D466A /* Camera.swift */ = {isa = PBXFileReference; fileEncoding = 4; lastKnownFileType = sourcecode.swift; path = Camera.swift; sourceTree = "<group>"; };
		B175500126D3F2AC003D466A /* EmojiArtModel.swift */ = {isa = PBXFileReference; fileEncoding = 4; lastKnownFileType = sourcecode.swift; path = EmojiArtModel.swift; sourceTree = "<group>"; };
		B175501B26D3FBAF003D466A /* macOS.swift */ = {isa = PBXFileReference; lastKnownFileType = sourcecode.swift; path = macOS.swift; sourceTree = "<group>"; };
		B175501E26D402C5003D466A /* iOS.swift */ = {isa = PBXFileReference; lastKnownFileType = sourcecode.swift; path = iOS.swift; sourceTree = "<group>"; };
/* End PBXFileReference section */

/* Begin PBXFrameworksBuildPhase section */
		B1754FD826D3EC4C003D466A /* Frameworks */ = {
			isa = PBXFrameworksBuildPhase;
			buildActionMask = 2147483647;
			files = (
			);
			runOnlyForDeploymentPostprocessing = 0;
		};
		B1754FE026D3EC4C003D466A /* Frameworks */ = {
			isa = PBXFrameworksBuildPhase;
			buildActionMask = 2147483647;
			files = (
			);
			runOnlyForDeploymentPostprocessing = 0;
		};
/* End PBXFrameworksBuildPhase section */

/* Begin PBXGroup section */
		B1754FCD26D3EC47003D466A = {
			isa = PBXGroup;
			children = (
				B1754FD226D3EC47003D466A /* Shared */,
				B1754FDD26D3EC4C003D466A /* iOS */,
				B1754FE426D3EC4C003D466A /* macOS */,
				B1754FDC26D3EC4C003D466A /* Products */,
			);
			sourceTree = "<group>";
		};
		B1754FD226D3EC47003D466A /* Shared */ = {
			isa = PBXGroup;
			children = (
				B1754FD326D3EC47003D466A /* EmojiArtApp.swift */,
				B1754FD426D3EC47003D466A /* EmojiArtDocument.swift */,
				B1754FFD26D3F2AB003D466A /* EmojiArtDocumentView.swift */,
				B1754FFC26D3F2AB003D466A /* EmojiArtModel.Background.swift */,
				B175500126D3F2AC003D466A /* EmojiArtModel.swift */,
				B1754FFF26D3F2AC003D466A /* PaletteChoser.swift */,
				B1754FFE26D3F2AB003D466A /* PaletteEditor.swift */,
				B1754FF826D3F2AB003D466A /* PaletteStore.swift */,
				B1754FF926D3F2AB003D466A /* UtilityExtensions.swift */,
				B1754FFA26D3F2AB003D466A /* UtilityViews.swift */,
				B1754FD626D3EC4C003D466A /* Assets.xcassets */,
			);
			path = Shared;
			sourceTree = "<group>";
		};
		B1754FDC26D3EC4C003D466A /* Products */ = {
			isa = PBXGroup;
			children = (
				B1754FDB26D3EC4C003D466A /* EmojiArt.app */,
				B1754FE326D3EC4C003D466A /* EmojiArt.app */,
			);
			name = Products;
			sourceTree = "<group>";
		};
		B1754FDD26D3EC4C003D466A /* iOS */ = {
			isa = PBXGroup;
			children = (
				B1754FDE26D3EC4C003D466A /* Info.plist */,
				B175500026D3F2AC003D466A /* Camera.swift */,
				B1754FF726D3F2AA003D466A /* PhotoLibrary.swift */,
				B1754FFB26D3F2AB003D466A /* PaletteManager.swift */,
				B175501E26D402C5003D466A /* iOS.swift */,
			);
			path = iOS;
			sourceTree = "<group>";
		};
		B1754FE426D3EC4C003D466A /* macOS */ = {
			isa = PBXGroup;
			children = (
				B1754FE526D3EC4C003D466A /* Info.plist */,
				B1754FE626D3EC4C003D466A /* macOS.entitlements */,
				B175501B26D3FBAF003D466A /* macOS.swift */,
			);
			path = macOS;
			sourceTree = "<group>";
		};
/* End PBXGroup section */

/* Begin PBXNativeTarget section */
		B1754FDA26D3EC4C003D466A /* EmojiArt (iOS) */ = {
			isa = PBXNativeTarget;
			buildConfigurationList = B1754FF126D3EC4C003D466A /* Build configuration list for PBXNativeTarget "EmojiArt (iOS)" */;
			buildPhases = (
				B1754FD726D3EC4C003D466A /* Sources */,
				B1754FD826D3EC4C003D466A /* Frameworks */,
				B1754FD926D3EC4C003D466A /* Resources */,
			);
			buildRules = (
			);
			dependencies = (
			);
			name = "EmojiArt (iOS)";
			productName = "EmojiArt (iOS)";
			productReference = B1754FDB26D3EC4C003D466A /* EmojiArt.app */;
			productType = "com.apple.product-type.application";
		};
		B1754FE226D3EC4C003D466A /* EmojiArt (macOS) */ = {
			isa = PBXNativeTarget;
			buildConfigurationList = B1754FF426D3EC4C003D466A /* Build configuration list for PBXNativeTarget "EmojiArt (macOS)" */;
			buildPhases = (
				B1754FDF26D3EC4C003D466A /* Sources */,
				B1754FE026D3EC4C003D466A /* Frameworks */,
				B1754FE126D3EC4C003D466A /* Resources */,
			);
			buildRules = (
			);
			dependencies = (
			);
			name = "EmojiArt (macOS)";
			productName = "EmojiArt (macOS)";
			productReference = B1754FE326D3EC4C003D466A /* EmojiArt.app */;
			productType = "com.apple.product-type.application";
		};
/* End PBXNativeTarget section */

/* Begin PBXProject section */
		B1754FCE26D3EC47003D466A /* Project object */ = {
			isa = PBXProject;
			attributes = {
				LastSwiftUpdateCheck = 1250;
				LastUpgradeCheck = 1300;
				TargetAttributes = {
					B1754FDA26D3EC4C003D466A = {
						CreatedOnToolsVersion = 12.5.1;
					};
					B1754FE226D3EC4C003D466A = {
						CreatedOnToolsVersion = 12.5.1;
					};
				};
			};
			buildConfigurationList = B1754FD126D3EC47003D466A /* Build configuration list for PBXProject "EmojiArt" */;
			compatibilityVersion = "Xcode 9.3";
			developmentRegion = en;
			hasScannedForEncodings = 0;
			knownRegions = (
				en,
				Base,
			);
			mainGroup = B1754FCD26D3EC47003D466A;
			productRefGroup = B1754FDC26D3EC4C003D466A /* Products */;
			projectDirPath = "";
			projectRoot = "";
			targets = (
				B1754FDA26D3EC4C003D466A /* EmojiArt (iOS) */,
				B1754FE226D3EC4C003D466A /* EmojiArt (macOS) */,
			);
		};
/* End PBXProject section */

/* Begin PBXResourcesBuildPhase section */
		B1754FD926D3EC4C003D466A /* Resources */ = {
			isa = PBXResourcesBuildPhase;
			buildActionMask = 2147483647;
			files = (
				B1754FED26D3EC4C003D466A /* Assets.xcassets in Resources */,
			);
			runOnlyForDeploymentPostprocessing = 0;
		};
		B1754FE126D3EC4C003D466A /* Resources */ = {
			isa = PBXResourcesBuildPhase;
			buildActionMask = 2147483647;
			files = (
				B1754FEE26D3EC4C003D466A /* Assets.xcassets in Resources */,
			);
			runOnlyForDeploymentPostprocessing = 0;
		};
/* End PBXResourcesBuildPhase section */

/* Begin PBXSourcesBuildPhase section */
		B1754FD726D3EC4C003D466A /* Sources */ = {
			isa = PBXSourcesBuildPhase;
			buildActionMask = 2147483647;
			files = (
				B1754FE726D3EC4C003D466A /* EmojiArtApp.swift in Sources */,
				B175501226D3F2AC003D466A /* PaletteChoser.swift in Sources */,
				B175500426D3F2AC003D466A /* PaletteStore.swift in Sources */,
				B175501026D3F2AC003D466A /* PaletteEditor.swift in Sources */,
				B175500E26D3F2AC003D466A /* EmojiArtDocumentView.swift in Sources */,
				B175500226D3F2AC003D466A /* PhotoLibrary.swift in Sources */,
				B175500C26D3F2AC003D466A /* EmojiArtModel.Background.swift in Sources */,
				B175501F26D402C5003D466A /* iOS.swift in Sources */,
				B175500A26D3F2AC003D466A /* PaletteManager.swift in Sources */,
				B175501426D3F2AC003D466A /* Camera.swift in Sources */,
				B175500626D3F2AC003D466A /* UtilityExtensions.swift in Sources */,
				B1754FE926D3EC4C003D466A /* EmojiArtDocument.swift in Sources */,
				B175501626D3F2AC003D466A /* EmojiArtModel.swift in Sources */,
				B175500826D3F2AC003D466A /* UtilityViews.swift in Sources */,
			);
			runOnlyForDeploymentPostprocessing = 0;
		};
		B1754FDF26D3EC4C003D466A /* Sources */ = {
			isa = PBXSourcesBuildPhase;
			buildActionMask = 2147483647;
			files = (
				B1754FE826D3EC4C003D466A /* EmojiArtApp.swift in Sources */,
				B175501326D3F2AC003D466A /* PaletteChoser.swift in Sources */,
				B175500526D3F2AC003D466A /* PaletteStore.swift in Sources */,
				B175501126D3F2AC003D466A /* PaletteEditor.swift in Sources */,
				B175500F26D3F2AC003D466A /* EmojiArtDocumentView.swift in Sources */,
				B175500D26D3F2AC003D466A /* EmojiArtModel.Background.swift in Sources */,
				B175501D26D3FBAF003D466A /* macOS.swift in Sources */,
				B175500726D3F2AC003D466A /* UtilityExtensions.swift in Sources */,
				B1754FEA26D3EC4C003D466A /* EmojiArtDocument.swift in Sources */,
				B175501726D3F2AC003D466A /* EmojiArtModel.swift in Sources */,
				B175500926D3F2AC003D466A /* UtilityViews.swift in Sources */,
			);
			runOnlyForDeploymentPostprocessing = 0;
		};
/* End PBXSourcesBuildPhase section */

/* Begin XCBuildConfiguration section */
		B1754FEF26D3EC4C003D466A /* Debug */ = {
			isa = XCBuildConfiguration;
			buildSettings = {
				ALWAYS_SEARCH_USER_PATHS = NO;
				CLANG_ANALYZER_NONNULL = YES;
				CLANG_ANALYZER_NUMBER_OBJECT_CONVERSION = YES_AGGRESSIVE;
				CLANG_CXX_LANGUAGE_STANDARD = "gnu++14";
				CLANG_CXX_LIBRARY = "libc++";
				CLANG_ENABLE_MODULES = YES;
				CLANG_ENABLE_OBJC_ARC = YES;
				CLANG_ENABLE_OBJC_WEAK = YES;
				CLANG_WARN_BLOCK_CAPTURE_AUTORELEASING = YES;
				CLANG_WARN_BOOL_CONVERSION = YES;
				CLANG_WARN_COMMA = YES;
				CLANG_WARN_CONSTANT_CONVERSION = YES;
				CLANG_WARN_DEPRECATED_OBJC_IMPLEMENTATIONS = YES;
				CLANG_WARN_DIRECT_OBJC_ISA_USAGE = YES_ERROR;
				CLANG_WARN_DOCUMENTATION_COMMENTS = YES;
				CLANG_WARN_EMPTY_BODY = YES;
				CLANG_WARN_ENUM_CONVERSION = YES;
				CLANG_WARN_INFINITE_RECURSION = YES;
				CLANG_WARN_INT_CONVERSION = YES;
				CLANG_WARN_NON_LITERAL_NULL_CONVERSION = YES;
				CLANG_WARN_OBJC_IMPLICIT_RETAIN_SELF = YES;
				CLANG_WARN_OBJC_LITERAL_CONVERSION = YES;
				CLANG_WARN_OBJC_ROOT_CLASS = YES_ERROR;
				CLANG_WARN_QUOTED_INCLUDE_IN_FRAMEWORK_HEADER = YES;
				CLANG_WARN_RANGE_LOOP_ANALYSIS = YES;
				CLANG_WARN_STRICT_PROTOTYPES = YES;
				CLANG_WARN_SUSPICIOUS_MOVE = YES;
				CLANG_WARN_UNGUARDED_AVAILABILITY = YES_AGGRESSIVE;
				CLANG_WARN_UNREACHABLE_CODE = YES;
				CLANG_WARN__DUPLICATE_METHOD_MATCH = YES;
				COPY_PHASE_STRIP = NO;
				DEBUG_INFORMATION_FORMAT = dwarf;
				ENABLE_STRICT_OBJC_MSGSEND = YES;
				ENABLE_TESTABILITY = YES;
				GCC_C_LANGUAGE_STANDARD = gnu11;
				GCC_DYNAMIC_NO_PIC = NO;
				GCC_NO_COMMON_BLOCKS = YES;
				GCC_OPTIMIZATION_LEVEL = 0;
				GCC_PREPROCESSOR_DEFINITIONS = (
					"DEBUG=1",
					"$(inherited)",
				);
				GCC_WARN_64_TO_32_BIT_CONVERSION = YES;
				GCC_WARN_ABOUT_RETURN_TYPE = YES_ERROR;
				GCC_WARN_UNDECLARED_SELECTOR = YES;
				GCC_WARN_UNINITIALIZED_AUTOS = YES_AGGRESSIVE;
				GCC_WARN_UNUSED_FUNCTION = YES;
				GCC_WARN_UNUSED_VARIABLE = YES;
				MTL_ENABLE_DEBUG_INFO = INCLUDE_SOURCE;
				MTL_FAST_MATH = YES;
				ONLY_ACTIVE_ARCH = YES;
				SWIFT_ACTIVE_COMPILATION_CONDITIONS = DEBUG;
				SWIFT_OPTIMIZATION_LEVEL = "-Onone";
			};
			name = Debug;
		};
		B1754FF026D3EC4C003D466A /* Release */ = {
			isa = XCBuildConfiguration;
			buildSettings = {
				ALWAYS_SEARCH_USER_PATHS = NO;
				CLANG_ANALYZER_NONNULL = YES;
				CLANG_ANALYZER_NUMBER_OBJECT_CONVERSION = YES_AGGRESSIVE;
				CLANG_CXX_LANGUAGE_STANDARD = "gnu++14";
				CLANG_CXX_LIBRARY = "libc++";
				CLANG_ENABLE_MODULES = YES;
				CLANG_ENABLE_OBJC_ARC = YES;
				CLANG_ENABLE_OBJC_WEAK = YES;
				CLANG_WARN_BLOCK_CAPTURE_AUTORELEASING = YES;
				CLANG_WARN_BOOL_CONVERSION = YES;
				CLANG_WARN_COMMA = YES;
				CLANG_WARN_CONSTANT_CONVERSION = YES;
				CLANG_WARN_DEPRECATED_OBJC_IMPLEMENTATIONS = YES;
				CLANG_WARN_DIRECT_OBJC_ISA_USAGE = YES_ERROR;
				CLANG_WARN_DOCUMENTATION_COMMENTS = YES;
				CLANG_WARN_EMPTY_BODY = YES;
				CLANG_WARN_ENUM_CONVERSION = YES;
				CLANG_WARN_INFINITE_RECURSION = YES;
				CLANG_WARN_INT_CONVERSION = YES;
				CLANG_WARN_NON_LITERAL_NULL_CONVERSION = YES;
				CLANG_WARN_OBJC_IMPLICIT_RETAIN_SELF = YES;
				CLANG_WARN_OBJC_LITERAL_CONVERSION = YES;
				CLANG_WARN_OBJC_ROOT_CLASS = YES_ERROR;
				CLANG_WARN_QUOTED_INCLUDE_IN_FRAMEWORK_HEADER = YES;
				CLANG_WARN_RANGE_LOOP_ANALYSIS = YES;
				CLANG_WARN_STRICT_PROTOTYPES = YES;
				CLANG_WARN_SUSPICIOUS_MOVE = YES;
				CLANG_WARN_UNGUARDED_AVAILABILITY = YES_AGGRESSIVE;
				CLANG_WARN_UNREACHABLE_CODE = YES;
				CLANG_WARN__DUPLICATE_METHOD_MATCH = YES;
				COPY_PHASE_STRIP = NO;
				DEBUG_INFORMATION_FORMAT = "dwarf-with-dsym";
				ENABLE_NS_ASSERTIONS = NO;
				ENABLE_STRICT_OBJC_MSGSEND = YES;
				GCC_C_LANGUAGE_STANDARD = gnu11;
				GCC_NO_COMMON_BLOCKS = YES;
				GCC_WARN_64_TO_32_BIT_CONVERSION = YES;
				GCC_WARN_ABOUT_RETURN_TYPE = YES_ERROR;
				GCC_WARN_UNDECLARED_SELECTOR = YES;
				GCC_WARN_UNINITIALIZED_AUTOS = YES_AGGRESSIVE;
				GCC_WARN_UNUSED_FUNCTION = YES;
				GCC_WARN_UNUSED_VARIABLE = YES;
				MTL_ENABLE_DEBUG_INFO = NO;
				MTL_FAST_MATH = YES;
				SWIFT_COMPILATION_MODE = wholemodule;
				SWIFT_OPTIMIZATION_LEVEL = "-O";
			};
			name = Release;
		};
		B1754FF226D3EC4C003D466A /* Debug */ = {
			isa = XCBuildConfiguration;
			buildSettings = {
				ASSETCATALOG_COMPILER_APPICON_NAME = AppIcon;
				ASSETCATALOG_COMPILER_GLOBAL_ACCENT_COLOR_NAME = AccentColor;
				CODE_SIGN_STYLE = Automatic;
				DEVELOPMENT_TEAM = CAE4XXMP5G;
				ENABLE_PREVIEWS = YES;
				INFOPLIST_FILE = iOS/Info.plist;
				IPHONEOS_DEPLOYMENT_TARGET = 14.0;
				LD_RUNPATH_SEARCH_PATHS = (
					"$(inherited)",
					"@executable_path/Frameworks",
				);
				PRODUCT_BUNDLE_IDENTIFIER = com.hhugofalkman.EmojiArt;
				PRODUCT_NAME = EmojiArt;
				SDKROOT = iphoneos;
				SWIFT_VERSION = 5.0;
				TARGETED_DEVICE_FAMILY = "1,2";
			};
			name = Debug;
		};
		B1754FF326D3EC4C003D466A /* Release */ = {
			isa = XCBuildConfiguration;
			buildSettings = {
				ASSETCATALOG_COMPILER_APPICON_NAME = AppIcon;
				ASSETCATALOG_COMPILER_GLOBAL_ACCENT_COLOR_NAME = AccentColor;
				CODE_SIGN_STYLE = Automatic;
				DEVELOPMENT_TEAM = CAE4XXMP5G;
				ENABLE_PREVIEWS = YES;
				INFOPLIST_FILE = iOS/Info.plist;
				IPHONEOS_DEPLOYMENT_TARGET = 14.0;
				LD_RUNPATH_SEARCH_PATHS = (
					"$(inherited)",
					"@executable_path/Frameworks",
				);
				PRODUCT_BUNDLE_IDENTIFIER = com.hhugofalkman.EmojiArt;
				PRODUCT_NAME = EmojiArt;
				SDKROOT = iphoneos;
				SWIFT_VERSION = 5.0;
				TARGETED_DEVICE_FAMILY = "1,2";
				VALIDATE_PRODUCT = YES;
			};
			name = Release;
		};
		B1754FF526D3EC4C003D466A /* Debug */ = {
			isa = XCBuildConfiguration;
			buildSettings = {
				ASSETCATALOG_COMPILER_APPICON_NAME = AppIcon;
				ASSETCATALOG_COMPILER_GLOBAL_ACCENT_COLOR_NAME = AccentColor;
				CODE_SIGN_ENTITLEMENTS = macOS/macOS.entitlements;
				CODE_SIGN_IDENTITY = "-";
				CODE_SIGN_STYLE = Automatic;
				COMBINE_HIDPI_IMAGES = YES;
				DEVELOPMENT_TEAM = CAE4XXMP5G;
				ENABLE_HARDENED_RUNTIME = YES;
				ENABLE_PREVIEWS = YES;
				INFOPLIST_FILE = macOS/Info.plist;
				LD_RUNPATH_SEARCH_PATHS = (
					"$(inherited)",
					"@executable_path/../Frameworks",
				);
				MACOSX_DEPLOYMENT_TARGET = 11.0;
				PRODUCT_BUNDLE_IDENTIFIER = com.hhugofalkman.EmojiArt;
				PRODUCT_NAME = EmojiArt;
				SDKROOT = macosx;
				SWIFT_VERSION = 5.0;
			};
			name = Debug;
		};
		B1754FF626D3EC4C003D466A /* Release */ = {
			isa = XCBuildConfiguration;
			buildSettings = {
				ASSETCATALOG_COMPILER_APPICON_NAME = AppIcon;
				ASSETCATALOG_COMPILER_GLOBAL_ACCENT_COLOR_NAME = AccentColor;
				CODE_SIGN_ENTITLEMENTS = macOS/macOS.entitlements;
				CODE_SIGN_IDENTITY = "-";
				CODE_SIGN_STYLE = Automatic;
				COMBINE_HIDPI_IMAGES = YES;
				DEVELOPMENT_TEAM = CAE4XXMP5G;
				ENABLE_HARDENED_RUNTIME = YES;
				ENABLE_PREVIEWS = YES;
				INFOPLIST_FILE = macOS/Info.plist;
				LD_RUNPATH_SEARCH_PATHS = (
					"$(inherited)",
					"@executable_path/../Frameworks",
				);
				MACOSX_DEPLOYMENT_TARGET = 11.0;
				PRODUCT_BUNDLE_IDENTIFIER = com.hhugofalkman.EmojiArt;
				PRODUCT_NAME = EmojiArt;
				SDKROOT = macosx;
				SWIFT_VERSION = 5.0;
			};
			name = Release;
		};
/* End XCBuildConfiguration section */

/* Begin XCConfigurationList section */
		B1754FD126D3EC47003D466A /* Build configuration list for PBXProject "EmojiArt" */ = {
			isa = XCConfigurationList;
			buildConfigurations = (
				B1754FEF26D3EC4C003D466A /* Debug */,
				B1754FF026D3EC4C003D466A /* Release */,
			);
			defaultConfigurationIsVisible = 0;
			defaultConfigurationName = Release;
		};
		B1754FF126D3EC4C003D466A /* Build configuration list for PBXNativeTarget "EmojiArt (iOS)" */ = {
			isa = XCConfigurationList;
			buildConfigurations = (
				B1754FF226D3EC4C003D466A /* Debug */,
				B1754FF326D3EC4C003D466A /* Release */,
			);
			defaultConfigurationIsVisible = 0;
			defaultConfigurationName = Release;
		};
		B1754FF426D3EC4C003D466A /* Build configuration list for PBXNativeTarget "EmojiArt (macOS)" */ = {
			isa = XCConfigurationList;
			buildConfigurations = (
				B1754FF526D3EC4C003D466A /* Debug */,
				B1754FF626D3EC4C003D466A /* Release */,
			);
			defaultConfigurationIsVisible = 0;
			defaultConfigurationName = Release;
		};
/* End XCConfigurationList section */
	};
	rootObject = B1754FCE26D3EC47003D466A /* Project object */;
}
